
Microsoft Visual Studio Solution File, Format Version 12.00
# Visual Studio Version 16
VisualStudioVersion = 16.0.31321.278
MinimumVisualStudioVersion = 10.0.40219.1
Project("{2150E333-8FDC-42A3-9474-1A3956D46DE8}") = "01 - Teste de Unidade", "01 - Teste de Unidade", "{2C28CED1-A795-4397-AC29-28F8E3EB0F84}"
EndProject
Project("{2150E333-8FDC-42A3-9474-1A3956D46DE8}") = "1.1 - Testes Basicos", "1.1 - Testes Basicos", "{436D9673-BD37-4DCB-AFFA-9849E6820BF1}"
EndProject
Project("{9A19103F-16F7-4668-BE54-9A1E7A4F7556}") = "Demo", "TestesDeUnidade\Demo\Demo.csproj", "{BB23EB5B-A501-4EA4-9AD0-E62684980D12}"
EndProject
Project("{9A19103F-16F7-4668-BE54-9A1E7A4F7556}") = "Demo.Tests", "Demo.Tests\Demo.Tests.csproj", "{7A0B7DA4-48F5-4DF6-B84B-EB59222EF6FF}"
EndProject
Project("{2150E333-8FDC-42A3-9474-1A3956D46DE8}") = "2.2 - Features", "2.2 - Features", "{9D7B1707-3EF4-4FA6-97F5-6DD039FC465C}"
EndProject
Project("{FAE04EC0-301F-11D3-BF4B-00C04F79EFBC}") = "Features", "Features\Features.csproj", "{9676986D-C89C-4BE6-B08A-1E0E2789A093}"
EndProject
Project("{FAE04EC0-301F-11D3-BF4B-00C04F79EFBC}") = "Features.Tests", "Features.Tests\Features.Tests.csproj", "{7F3EEC11-4545-4AF3-AF9D-9DC09D9A7306}"
EndProject
Global
	GlobalSection(SolutionConfigurationPlatforms) = preSolution
		Debug|Any CPU = Debug|Any CPU
		Release|Any CPU = Release|Any CPU
	EndGlobalSection
	GlobalSection(ProjectConfigurationPlatforms) = postSolution
		{BB23EB5B-A501-4EA4-9AD0-E62684980D12}.Debug|Any CPU.ActiveCfg = Debug|Any CPU
		{BB23EB5B-A501-4EA4-9AD0-E62684980D12}.Debug|Any CPU.Build.0 = Debug|Any CPU
		{BB23EB5B-A501-4EA4-9AD0-E62684980D12}.Release|Any CPU.ActiveCfg = Release|Any CPU
		{BB23EB5B-A501-4EA4-9AD0-E62684980D12}.Release|Any CPU.Build.0 = Release|Any CPU
		{7A0B7DA4-48F5-4DF6-B84B-EB59222EF6FF}.Debug|Any CPU.ActiveCfg = Debug|Any CPU
		{7A0B7DA4-48F5-4DF6-B84B-EB59222EF6FF}.Debug|Any CPU.Build.0 = Debug|Any CPU
		{7A0B7DA4-48F5-4DF6-B84B-EB59222EF6FF}.Release|Any CPU.ActiveCfg = Release|Any CPU
		{7A0B7DA4-48F5-4DF6-B84B-EB59222EF6FF}.Release|Any CPU.Build.0 = Release|Any CPU
		{9676986D-C89C-4BE6-B08A-1E0E2789A093}.Debug|Any CPU.ActiveCfg = Debug|Any CPU
		{9676986D-C89C-4BE6-B08A-1E0E2789A093}.Debug|Any CPU.Build.0 = Debug|Any CPU
		{9676986D-C89C-4BE6-B08A-1E0E2789A093}.Release|Any CPU.ActiveCfg = Release|Any CPU
		{9676986D-C89C-4BE6-B08A-1E0E2789A093}.Release|Any CPU.Build.0 = Release|Any CPU
		{7F3EEC11-4545-4AF3-AF9D-9DC09D9A7306}.Debug|Any CPU.ActiveCfg = Debug|Any CPU
		{7F3EEC11-4545-4AF3-AF9D-9DC09D9A7306}.Debug|Any CPU.Build.0 = Debug|Any CPU
		{7F3EEC11-4545-4AF3-AF9D-9DC09D9A7306}.Release|Any CPU.ActiveCfg = Release|Any CPU
		{7F3EEC11-4545-4AF3-AF9D-9DC09D9A7306}.Release|Any CPU.Build.0 = Release|Any CPU
	EndGlobalSection
	GlobalSection(SolutionProperties) = preSolution
		HideSolutionNode = FALSE
	EndGlobalSection
	GlobalSection(NestedProjects) = preSolution
		{436D9673-BD37-4DCB-AFFA-9849E6820BF1} = {2C28CED1-A795-4397-AC29-28F8E3EB0F84}
		{BB23EB5B-A501-4EA4-9AD0-E62684980D12} = {436D9673-BD37-4DCB-AFFA-9849E6820BF1}
		{7A0B7DA4-48F5-4DF6-B84B-EB59222EF6FF} = {436D9673-BD37-4DCB-AFFA-9849E6820BF1}
		{9D7B1707-3EF4-4FA6-97F5-6DD039FC465C} = {2C28CED1-A795-4397-AC29-28F8E3EB0F84}
		{9676986D-C89C-4BE6-B08A-1E0E2789A093} = {9D7B1707-3EF4-4FA6-97F5-6DD039FC465C}
		{7F3EEC11-4545-4AF3-AF9D-9DC09D9A7306} = {9D7B1707-3EF4-4FA6-97F5-6DD039FC465C}
	EndGlobalSection
	GlobalSection(ExtensibilityGlobals) = postSolution
		SolutionGuid = {59BBB4DA-4611-4729-A880-C5380541C110}
	EndGlobalSection
EndGlobal
